
Microsoft Visual Studio Solution File, Format Version 12.00
# Visual Studio Version 17
VisualStudioVersion = 17.3.32929.385
MinimumVisualStudioVersion = 10.0.40219.1
Project("{FAE04EC0-301F-11D3-BF4B-00C04F79EFBC}") = "PracticeEC", "PracticeEC\PracticeEC.csproj", "{78A63DA7-26C1-4F86-BE82-1AA06433CF56}"
EndProject
Project("{FAE04EC0-301F-11D3-BF4B-00C04F79EFBC}") = "Entities", "Entities\Entities.csproj", "{44E79D6D-7C95-47B6-9A0C-F86C4FD370BF}"
EndProject
Global
	GlobalSection(SolutionConfigurationPlatforms) = preSolution
		Debug|Any CPU = Debug|Any CPU
		Release|Any CPU = Release|Any CPU
	EndGlobalSection
	GlobalSection(ProjectConfigurationPlatforms) = postSolution
		{78A63DA7-26C1-4F86-BE82-1AA06433CF56}.Debug|Any CPU.ActiveCfg = Debug|Any CPU
		{78A63DA7-26C1-4F86-BE82-1AA06433CF56}.Debug|Any CPU.Build.0 = Debug|Any CPU
		{78A63DA7-26C1-4F86-BE82-1AA06433CF56}.Release|Any CPU.ActiveCfg = Release|Any CPU
		{78A63DA7-26C1-4F86-BE82-1AA06433CF56}.Release|Any CPU.Build.0 = Release|Any CPU
		{44E79D6D-7C95-47B6-9A0C-F86C4FD370BF}.Debug|Any CPU.ActiveCfg = Debug|Any CPU
		{44E79D6D-7C95-47B6-9A0C-F86C4FD370BF}.Debug|Any CPU.Build.0 = Debug|Any CPU
		{44E79D6D-7C95-47B6-9A0C-F86C4FD370BF}.Release|Any CPU.ActiveCfg = Release|Any CPU
		{44E79D6D-7C95-47B6-9A0C-F86C4FD370BF}.Release|Any CPU.Build.0 = Release|Any CPU
	EndGlobalSection
	GlobalSection(SolutionProperties) = preSolution
		HideSolutionNode = FALSE
	EndGlobalSection
	GlobalSection(ExtensibilityGlobals) = postSolution
		SolutionGuid = {2258ED91-44DE-4012-BA7B-21CAB2A8FC76}
	EndGlobalSection
EndGlobal
